
Microsoft Visual Studio Solution File, Format Version 12.00
# Visual Studio Version 17
VisualStudioVersion = 17.14.36401.2 d17.14
MinimumVisualStudioVersion = 10.0.40219.1
Project("{FAE04EC0-301F-11D3-BF4B-00C04F79EFBC}") = "AirBB", "AirBB.csproj", "{467658AE-9423-49E1-A69E-FA3A5ADA3365}"
EndProject
Global
	GlobalSection(SolutionConfigurationPlatforms) = preSolution
		Debug|Any CPU = Debug|Any CPU
		Release|Any CPU = Release|Any CPU
	EndGlobalSection
	GlobalSection(ProjectConfigurationPlatforms) = postSolution
		{467658AE-9423-49E1-A69E-FA3A5ADA3365}.Debug|Any CPU.ActiveCfg = Debug|Any CPU
		{467658AE-9423-49E1-A69E-FA3A5ADA3365}.Debug|Any CPU.Build.0 = Debug|Any CPU
		{467658AE-9423-49E1-A69E-FA3A5ADA3365}.Release|Any CPU.ActiveCfg = Release|Any CPU
		{467658AE-9423-49E1-A69E-FA3A5ADA3365}.Release|Any CPU.Build.0 = Release|Any CPU
	EndGlobalSection
	GlobalSection(SolutionProperties) = preSolution
		HideSolutionNode = FALSE
	EndGlobalSection
	GlobalSection(ExtensibilityGlobals) = postSolution
		SolutionGuid = {A7A2EFB4-A365-4450-914D-2791F490663E}
	EndGlobalSection
EndGlobal
